
Microsoft Visual Studio Solution File, Format Version 12.00
# Visual Studio Version 17
VisualStudioVersion = 17.3.32811.315
MinimumVisualStudioVersion = 10.0.40219.1
Project("{9A19103F-16F7-4668-BE54-9A1E7A4F7556}") = "DGII.Api", "DGII.Api\DGII.Api.csproj", "{E163880F-0B55-4D65-9DA3-FBA47CEFC441}"
EndProject
Project("{9A19103F-16F7-4668-BE54-9A1E7A4F7556}") = "DGII.Domain", "Domain\DGII.Domain.csproj", "{41E043B5-182B-4B1D-B774-AFF608DEDC76}"
EndProject
Project("{9A19103F-16F7-4668-BE54-9A1E7A4F7556}") = "DGII.DataAccess", "DGII.DataAccess\DGII.DataAccess.csproj", "{CFDC653D-55B4-4E48-9C29-E5758A9ECDB3}"
EndProject
Project("{FAE04EC0-301F-11D3-BF4B-00C04F79EFBC}") = "DGII.Test", "DGII.Test\DGII.Test.csproj", "{64F05972-9731-485A-8A92-C6C44D0F2BF2}"
EndProject
Global
	GlobalSection(SolutionConfigurationPlatforms) = preSolution
		Debug|Any CPU = Debug|Any CPU
		Release|Any CPU = Release|Any CPU
	EndGlobalSection
	GlobalSection(ProjectConfigurationPlatforms) = postSolution
		{E163880F-0B55-4D65-9DA3-FBA47CEFC441}.Debug|Any CPU.ActiveCfg = Debug|Any CPU
		{E163880F-0B55-4D65-9DA3-FBA47CEFC441}.Debug|Any CPU.Build.0 = Debug|Any CPU
		{E163880F-0B55-4D65-9DA3-FBA47CEFC441}.Release|Any CPU.ActiveCfg = Release|Any CPU
		{E163880F-0B55-4D65-9DA3-FBA47CEFC441}.Release|Any CPU.Build.0 = Release|Any CPU
		{41E043B5-182B-4B1D-B774-AFF608DEDC76}.Debug|Any CPU.ActiveCfg = Debug|Any CPU
		{41E043B5-182B-4B1D-B774-AFF608DEDC76}.Debug|Any CPU.Build.0 = Debug|Any CPU
		{41E043B5-182B-4B1D-B774-AFF608DEDC76}.Release|Any CPU.ActiveCfg = Release|Any CPU
		{41E043B5-182B-4B1D-B774-AFF608DEDC76}.Release|Any CPU.Build.0 = Release|Any CPU
		{CFDC653D-55B4-4E48-9C29-E5758A9ECDB3}.Debug|Any CPU.ActiveCfg = Debug|Any CPU
		{CFDC653D-55B4-4E48-9C29-E5758A9ECDB3}.Debug|Any CPU.Build.0 = Debug|Any CPU
		{CFDC653D-55B4-4E48-9C29-E5758A9ECDB3}.Release|Any CPU.ActiveCfg = Release|Any CPU
		{CFDC653D-55B4-4E48-9C29-E5758A9ECDB3}.Release|Any CPU.Build.0 = Release|Any CPU
		{64F05972-9731-485A-8A92-C6C44D0F2BF2}.Debug|Any CPU.ActiveCfg = Debug|Any CPU
		{64F05972-9731-485A-8A92-C6C44D0F2BF2}.Debug|Any CPU.Build.0 = Debug|Any CPU
		{64F05972-9731-485A-8A92-C6C44D0F2BF2}.Release|Any CPU.ActiveCfg = Release|Any CPU
		{64F05972-9731-485A-8A92-C6C44D0F2BF2}.Release|Any CPU.Build.0 = Release|Any CPU
	EndGlobalSection
	GlobalSection(SolutionProperties) = preSolution
		HideSolutionNode = FALSE
	EndGlobalSection
	GlobalSection(ExtensibilityGlobals) = postSolution
		SolutionGuid = {13402B80-71A5-4E1B-9CA6-6C981A086EEF}
	EndGlobalSection
EndGlobal
